// !$*UTF8*$!
{
	archiveVersion = 1;
	classes = {
	};
	objectVersion = 60;
	objects = {

/* Begin PBXBuildFile section */
		A71C2F8A2C281D0000B5E1A1 /* WhenKitDemoApp.swift in Sources */ = {isa = PBXBuildFile; fileRef = A71C2F892C281D0000B5E1A1 /* WhenKitDemoApp.swift */; };
		A71C2F8C2C281D0000B5E1A2 /* ContentView.swift in Sources */ = {isa = PBXBuildFile; fileRef = A71C2F8B2C281D0000B5E1A2 /* ContentView.swift */; };
		A71C2F9A2C281D0000B5E1B1 /* WhenKit in Frameworks */ = {isa = PBXBuildFile; productRef = A71C2F992C281D0000B5E1B1 /* WhenKit */; };
/* End PBXBuildFile section */

/* Begin PBXFileReference section */
		A71C2F862C281D0000B5E1A0 /* WhenKitDemo.app */ = {isa = PBXFileReference; explicitFileType = wrapper.application; includeInIndex = 0; path = WhenKitDemo.app; sourceTree = BUILT_PRODUCTS_DIR; };
		A71C2F892C281D0000B5E1A1 /* WhenKitDemoApp.swift */ = {isa = PBXFileReference; lastKnownFileType = sourcecode.swift; path = WhenKitDemoApp.swift; sourceTree = "<group>"; };
		A71C2F8B2C281D0000B5E1A2 /* ContentView.swift */ = {isa = PBXFileReference; lastKnownFileType = sourcecode.swift; path = ContentView.swift; sourceTree = "<group>"; };
/* End PBXFileReference section */

/* Begin PBXFrameworksBuildPhase section */
		A71C2F832C281D0000B5E190 /* Frameworks */ = {
			isa = PBXFrameworksBuildPhase;
			buildActionMask = 2147483647;
			files = (
				A71C2F9A2C281D0000B5E1B1 /* WhenKit in Frameworks */,
			);
			runOnlyForDeploymentPostprocessing = 0;
		};
/* End PBXFrameworksBuildPhase section */

/* Begin PBXGroup section */
		A71C2F7D2C281D0000B5E180 = {
			isa = PBXGroup;
			children = (
				A71C2F882C281D0000B5E1A0 /* WhenKitDemo */,
				A71C2F872C281D0000B5E1A0 /* Products */,
			);
			sourceTree = "<group>";
		};
		A71C2F872C281D0000B5E1A0 /* Products */ = {
			isa = PBXGroup;
			children = (
				A71C2F862C281D0000B5E1A0 /* WhenKitDemo.app */,
			);
			name = Products;
			sourceTree = "<group>";
		};
		A71C2F882C281D0000B5E1A0 /* WhenKitDemo */ = {
			isa = PBXGroup;
			children = (
				A71C2F892C281D0000B5E1A1 /* WhenKitDemoApp.swift */,
				A71C2F8B2C281D0000B5E1A2 /* ContentView.swift */,
			);
			path = WhenKitDemo;
			sourceTree = "<group>";
		};
/* End PBXGroup section */

/* Begin PBXNativeTarget section */
		A71C2F852C281D0000B5E195 /* WhenKitDemo */ = {
			isa = PBXNativeTarget;
			buildConfigurationList = A71C2F942C281D0000B5E1C0 /* Build configuration list for PBXNativeTarget "WhenKitDemo" */;
			buildPhases = (
				A71C2F822C281D0000B5E190 /* Sources */,
				A71C2F832C281D0000B5E190 /* Frameworks */,
				A71C2F842C281D0000B5E190 /* Resources */,
			);
			buildRules = (
			);
			dependencies = (
			);
			name = WhenKitDemo;
			packageProductDependencies = (
				A71C2F992C281D0000B5E1B1 /* WhenKit */,
			);
			productName = WhenKitDemo;
			productReference = A71C2F862C281D0000B5E1A0 /* WhenKitDemo.app */;
			productType = "com.apple.product-type.application";
		};
/* End PBXNativeTarget section */

/* Begin PBXProject section */
		A71C2F7E2C281D0000B5E180 /* Project object */ = {
			isa = PBXProject;
			attributes = {
				BuildIndependentTargetsInParallel = 1;
				LastSwiftUpdateCheck = 1540;
				LastUpgradeCheck = 1540;
				TargetAttributes = {
					A71C2F852C281D0000B5E195 = {
						CreatedOnToolsVersion = 15.4;
					};
				};
			};
			buildConfigurationList = A71C2F812C281D0000B5E1C0 /* Build configuration list for PBXProject "WhenKitDemo" */;
			compatibilityVersion = "Xcode 14.0";
			developmentRegion = en;
			hasScannedForEncodings = 0;
			knownRegions = (
				en,
				Base,
			);
			mainGroup = A71C2F7D2C281D0000B5E180;
			packageReferences = (
				A71C2F982C281D0000B5E1B0 /* XCLocalSwiftPackageReference ".." */,
			);
			productRefGroup = A71C2F872C281D0000B5E1A0 /* Products */;
			projectDirPath = "";
			projectRoot = "";
			targets = (
				A71C2F852C281D0000B5E195 /* WhenKitDemo */,
			);
		};
/* End PBXProject section */

/* Begin PBXResourcesBuildPhase section */
		A71C2F842C281D0000B5E190 /* Resources */ = {
			isa = PBXResourcesBuildPhase;
			buildActionMask = 2147483647;
			files = (
			);
			runOnlyForDeploymentPostprocessing = 0;
		};
/* End PBXResourcesBuildPhase section */

/* Begin PBXSourcesBuildPhase section */
		A71C2F822C281D0000B5E190 /* Sources */ = {
			isa = PBXSourcesBuildPhase;
			buildActionMask = 2147483647;
			files = (
				A71C2F8A2C281D0000B5E1A1 /* WhenKitDemoApp.swift in Sources */,
				A71C2F8C2C281D0000B5E1A2 /* ContentView.swift in Sources */,
			);
			runOnlyForDeploymentPostprocessing = 0;
		};
/* End PBXSourcesBuildPhase section */

/* Begin XCBuildConfiguration section */
		A71C2F922C281D0000B5E1C0 /* Debug */ = {
			isa = XCBuildConfiguration;
			buildSettings = {
				ALWAYS_SEARCH_USER_PATHS = NO;
				ASSETCATALOG_COMPILER_GENERATE_SWIFT_ASSET_SYMBOL_EXTENSIONS = YES;
				CLANG_ANALYZER_NONNULL = YES;
				CLANG_CXX_LANGUAGE_STANDARD = "gnu++20";
				CLANG_ENABLE_MODULES = YES;
				CLANG_ENABLE_OBJC_ARC = YES;
				COPY_PHASE_STRIP = NO;
				DEBUG_INFORMATION_FORMAT = dwarf;
				ENABLE_STRICT_OBJC_MSGSEND = YES;
				ENABLE_TESTABILITY = YES;
				ENABLE_USER_SCRIPT_SANDBOXING = YES;
				GCC_C_LANGUAGE_STANDARD = gnu17;
				GCC_DYNAMIC_NO_PIC = NO;
				GCC_NO_COMMON_BLOCKS = YES;
				GCC_OPTIMIZATION_LEVEL = 0;
				GCC_PREPROCESSOR_DEFINITIONS = (
					"DEBUG=1",
					"$(inherited)",
				);
				GCC_WARN_64_TO_32_BIT_CONVERSION = YES;
				GCC_WARN_ABOUT_RETURN_TYPE = YES_ERROR;
				GCC_WARN_UNDECLARED_SELECTOR = YES;
				GCC_WARN_UNINITIALIZED_AUTOS = YES_AGGRESSIVE;
				GCC_WARN_UNUSED_FUNCTION = YES;
				GCC_WARN_UNUSED_VARIABLE = YES;
				IPHONEOS_DEPLOYMENT_TARGET = 16.0;
				MTL_ENABLE_DEBUG_INFO = INCLUDE_SOURCE;
				MTL_FAST_MATH = YES;
				ONLY_ACTIVE_ARCH = YES;
				SDKROOT = iphoneos;
				SWIFT_ACTIVE_COMPILATION_CONDITIONS = "DEBUG $(inherited)";
				SWIFT_OPTIMIZATION_LEVEL = "-Onone";
			};
			name = Debug;
		};
		A71C2F932C281D0000B5E1C0 /* Release */ = {
			isa = XCBuildConfiguration;
			buildSettings = {
				ALWAYS_SEARCH_USER_PATHS = NO;
				ASSETCATALOG_COMPILER_GENERATE_SWIFT_ASSET_SYMBOL_EXTENSIONS = YES;
				CLANG_ANALYZER_NONNULL = YES;
				CLANG_CXX_LANGUAGE_STANDARD = "gnu++20";
				CLANG_ENABLE_MODULES = YES;
				CLANG_ENABLE_OBJC_ARC = YES;
				COPY_PHASE_STRIP = NO;
				DEBUG_INFORMATION_FORMAT = "dwarf-with-dsym";
				ENABLE_NS_ASSERTIONS = NO;
				ENABLE_STRICT_OBJC_MSGSEND = YES;
				ENABLE_USER_SCRIPT_SANDBOXING = YES;
				GCC_C_LANGUAGE_STANDARD = gnu17;
				GCC_NO_COMMON_BLOCKS = YES;
				GCC_WARN_64_TO_32_BIT_CONVERSION = YES;
				GCC_WARN_ABOUT_RETURN_TYPE = YES_ERROR;
				GCC_WARN_UNDECLARED_SELECTOR = YES;
				GCC_WARN_UNINITIALIZED_AUTOS = YES_AGGRESSIVE;
				GCC_WARN_UNUSED_FUNCTION = YES;
				GCC_WARN_UNUSED_VARIABLE = YES;
				IPHONEOS_DEPLOYMENT_TARGET = 16.0;
				MTL_ENABLE_DEBUG_INFO = NO;
				MTL_FAST_MATH = YES;
				SDKROOT = iphoneos;
				SWIFT_COMPILATION_MODE = wholemodule;
				VALIDATE_PRODUCT = YES;
			};
			name = Release;
		};
		A71C2F952C281D0000B5E1C0 /* Debug */ = {
			isa = XCBuildConfiguration;
			buildSettings = {
				ASSETCATALOG_COMPILER_APPICON_NAME = AppIcon;
				CODE_SIGN_STYLE = Automatic;
				CURRENT_PROJECT_VERSION = 1;
				DEVELOPMENT_TEAM = 2Q3W9EUX95;
				GENERATE_INFOPLIST_FILE = YES;
				INFOPLIST_KEY_UIApplicationSceneManifest_Generation = YES;
				INFOPLIST_KEY_UIApplicationSupportsIndirectInputEvents = YES;
				INFOPLIST_KEY_UILaunchScreen_Generation = YES;
				INFOPLIST_KEY_UISupportedInterfaceOrientations_iPad = "UIInterfaceOrientationPortrait UIInterfaceOrientationPortraitUpsideDown UIInterfaceOrientationLandscapeLeft UIInterfaceOrientationLandscapeRight";
				INFOPLIST_KEY_UISupportedInterfaceOrientations_iPhone = "UIInterfaceOrientationPortrait UIInterfaceOrientationLandscapeLeft UIInterfaceOrientationLandscapeRight";
				LD_RUNPATH_SEARCH_PATHS = (
					"$(inherited)",
					"@executable_path/Frameworks",
				);
				MARKETING_VERSION = 1.0;
				PRODUCT_BUNDLE_IDENTIFIER = io.whenkit.demo;
				PRODUCT_NAME = "$(TARGET_NAME)";
				SWIFT_EMIT_LOC_STRINGS = YES;
				SWIFT_VERSION = 5.0;
				TARGETED_DEVICE_FAMILY = "1,2";
			};
			name = Debug;
		};
		A71C2F962C281D0000B5E1C0 /* Release */ = {
			isa = XCBuildConfiguration;
			buildSettings = {
				ASSETCATALOG_COMPILER_APPICON_NAME = AppIcon;
				CODE_SIGN_STYLE = Automatic;
				CURRENT_PROJECT_VERSION = 1;
				DEVELOPMENT_TEAM = 2Q3W9EUX95;
				GENERATE_INFOPLIST_FILE = YES;
				INFOPLIST_KEY_UIApplicationSceneManifest_Generation = YES;
				INFOPLIST_KEY_UIApplicationSupportsIndirectInputEvents = YES;
				INFOPLIST_KEY_UILaunchScreen_Generation = YES;
				INFOPLIST_KEY_UISupportedInterfaceOrientations_iPad = "UIInterfaceOrientationPortrait UIInterfaceOrientationPortraitUpsideDown UIInterfaceOrientationLandscapeLeft UIInterfaceOrientationLandscapeRight";
				INFOPLIST_KEY_UISupportedInterfaceOrientations_iPhone = "UIInterfaceOrientationPortrait UIInterfaceOrientationLandscapeLeft UIInterfaceOrientationLandscapeRight";
				LD_RUNPATH_SEARCH_PATHS = (
					"$(inherited)",
					"@executable_path/Frameworks",
				);
				MARKETING_VERSION = 1.0;
				PRODUCT_BUNDLE_IDENTIFIER = io.whenkit.demo;
				PRODUCT_NAME = "$(TARGET_NAME)";
				SWIFT_EMIT_LOC_STRINGS = YES;
				SWIFT_VERSION = 5.0;
				TARGETED_DEVICE_FAMILY = "1,2";
			};
			name = Release;
		};
/* End XCBuildConfiguration section */

/* Begin XCConfigurationList section */
		A71C2F812C281D0000B5E1C0 /* Build configuration list for PBXProject "WhenKitDemo" */ = {
			isa = XCConfigurationList;
			buildConfigurations = (
				A71C2F922C281D0000B5E1C0 /* Debug */,
				A71C2F932C281D0000B5E1C0 /* Release */,
			);
			defaultConfigurationIsVisible = 0;
			defaultConfigurationName = Release;
		};
		A71C2F942C281D0000B5E1C0 /* Build configuration list for PBXNativeTarget "WhenKitDemo" */ = {
			isa = XCConfigurationList;
			buildConfigurations = (
				A71C2F952C281D0000B5E1C0 /* Debug */,
				A71C2F962C281D0000B5E1C0 /* Release */,
			);
			defaultConfigurationIsVisible = 0;
			defaultConfigurationName = Release;
		};
/* End XCConfigurationList section */

/* Begin XCLocalSwiftPackageReference section */
		A71C2F982C281D0000B5E1B0 /* XCLocalSwiftPackageReference ".." */ = {
			isa = XCLocalSwiftPackageReference;
			relativePath = ..;
		};
/* End XCLocalSwiftPackageReference section */

/* Begin XCSwiftPackageProductDependency section */
		A71C2F992C281D0000B5E1B1 /* WhenKit */ = {
			isa = XCSwiftPackageProductDependency;
			productName = WhenKit;
		};
/* End XCSwiftPackageProductDependency section */
	};
	rootObject = A71C2F7E2C281D0000B5E180 /* Project object */;
}
